
Microsoft Visual Studio Solution File, Format Version 12.00
# Visual Studio Version 17
VisualStudioVersion = 17.4.33403.182
MinimumVisualStudioVersion = 10.0.40219.1
Project("{FAE04EC0-301F-11D3-BF4B-00C04F79EFBC}") = "SchoolPlatform", "SchoolPlatform\SchoolPlatform.csproj", "{2D3B657B-5266-49BD-B410-28A7F2C4CFBB}"
EndProject
Global
	GlobalSection(SolutionConfigurationPlatforms) = preSolution
		Debug|Any CPU = Debug|Any CPU
		Release|Any CPU = Release|Any CPU
	EndGlobalSection
	GlobalSection(ProjectConfigurationPlatforms) = postSolution
		{2D3B657B-5266-49BD-B410-28A7F2C4CFBB}.Debug|Any CPU.ActiveCfg = Debug|Any CPU
		{2D3B657B-5266-49BD-B410-28A7F2C4CFBB}.Debug|Any CPU.Build.0 = Debug|Any CPU
		{2D3B657B-5266-49BD-B410-28A7F2C4CFBB}.Release|Any CPU.ActiveCfg = Release|Any CPU
		{2D3B657B-5266-49BD-B410-28A7F2C4CFBB}.Release|Any CPU.Build.0 = Release|Any CPU
	EndGlobalSection
	GlobalSection(SolutionProperties) = preSolution
		HideSolutionNode = FALSE
	EndGlobalSection
	GlobalSection(ExtensibilityGlobals) = postSolution
		SolutionGuid = {D39FDE96-066A-4FD9-872E-5478DCF95E94}
	EndGlobalSection
EndGlobal
